{
    "_readme": [
        "This file locks the dependencies of your project to a known state",
        "Read more about it at https://getcomposer.org/doc/01-basic-usage.md#installing-dependencies",
        "This file is @generated automatically"
    ],
    "content-hash": "87bca32c446a68dc75bd197ef001075e",
    "packages": [
        {
            "name": "tei187/utilities-php",
            "version": "dev-main",
            "source": {
                "type": "git",
                "url": "https://github.com/tei187/UtilitiesPHP.git",
                "reference": "ad039fcd2a99122fb6c0768979725ed01eebd413"
            },
            "dist": {
                "type": "zip",
                "url": "https://api.github.com/repos/tei187/UtilitiesPHP/zipball/ad039fcd2a99122fb6c0768979725ed01eebd413",
                "reference": "ad039fcd2a99122fb6c0768979725ed01eebd413",
                "shasum": ""
            },
            "require-dev": {
                "onspli/phpdoc-markdown": "^0.3.3"
            },
            "default-branch": true,
            "type": "library",
            "autoload": {
                "psr-4": {
                    "tei187\\": "src/"
                }
            },
            "notification-url": "https://packagist.org/downloads/",
            "license": [
                "MIT"
            ],
            "authors": [
                {
                    "name": "tei187",
                    "email": "bonk.piotr@gmail.com"
                }
            ],
            "description": "Additional PHP functions.",
            "support": {
                "issues": "https://github.com/tei187/UtilitiesPHP/issues",
                "source": "https://github.com/tei187/UtilitiesPHP/tree/main"
            },
            "time": "2022-10-19T13:27:48+00:00"
        }
    ],
    "packages-dev": [
        {
            "name": "onspli/phpdoc-markdown",
            "version": "0.3.3",
            "source": {
                "type": "git",
                "url": "https://github.com/onspli/phpdoc-markdown.git",
                "reference": "866150dbf3cea9a4be234467e40a6ba893cd5545"
            },
            "dist": {
                "type": "zip",
                "url": "https://api.github.com/repos/onspli/phpdoc-markdown/zipball/866150dbf3cea9a4be234467e40a6ba893cd5545",
                "reference": "866150dbf3cea9a4be234467e40a6ba893cd5545",
                "shasum": ""
            },
            "type": "library",
            "notification-url": "https://packagist.org/downloads/",
            "license": [
                "MIT"
            ],
            "authors": [
                {
                    "name": "Ondřej Šplíchal",
                    "email": "ondrej.splichal@gmail.com"
                },
                {
                    "name": "Carl Vuorinen",
                    "email": "carl.vuorinen@gmail.com"
                }
            ],
            "description": "Generate documentation in Markdown format so it can be published in GitHub.",
            "keywords": [
                "documentation",
                "markdown",
                "phpDocumentor",
                "phpdoc"
            ],
            "support": {
                "source": "https://github.com/onspli/phpdoc-markdown/tree/0.3.3"
            },
            "time": "2021-08-15T19:04:40+00:00"
        }
    ],
    "aliases": [],
    "minimum-stability": "stable",
    "stability-flags": {
        "tei187/utilities-php": 20
    },
    "prefer-stable": false,
    "prefer-lowest": false,
    "platform": [],
    "platform-dev": [],
    "plugin-api-version": "2.1.0"
}
